{
  "name": "Roblox-Cookie-Creator-main",
  "lockfileVersion": 3,
  "requires": true,
  "packages": {
    "": {
      "dependencies": {
        "funcaptcha": "^1.1.7",
        "roblox-funcaptcha": "^4.1.18"
      }
    },
    "node_modules/@fastify/busboy": {
      "version": "2.1.1",
      "resolved": "https://registry.npmjs.org/@fastify/busboy/-/busboy-2.1.1.tgz",
      "integrity": "sha512-vBZP4NlzfOlerQTnba4aqZoMhE/a9HY7HRqoOPaETQcSQuWEIyZMHGfVu6w9wGtGK5fED5qRs2DteVCjOH60sA==",
      "license": "MIT",
      "engines": {
        "node": ">=14"
      }
    },
    "node_modules/funcaptcha": {
      "version": "1.1.7",
      "resolved": "https://registry.npmjs.org/funcaptcha/-/funcaptcha-1.1.7.tgz",
      "integrity": "sha512-xcXzOzgrV1MixYzmAbqL4EuTiBXaJPYNdCHfzyTkINCo32+Er77ukehglgaN2ITWKmgGX1kafoVn4K+1ND3nXw==",
      "license": "MIT",
      "dependencies": {
        "undici": "^5.22.0"
      }
    },
    "node_modules/funcaptcha/node_modules/undici": {
      "version": "5.28.5",
      "resolved": "https://registry.npmjs.org/undici/-/undici-5.28.5.tgz",
      "integrity": "sha512-zICwjrDrcrUE0pyyJc1I2QzBkLM8FINsgOrt6WjA+BgajVq9Nxu2PbFFXUrAggLfDXlZGZBVZYw7WNV5KiBiBA==",
      "license": "MIT",
      "dependencies": {
        "@fastify/busboy": "^2.0.0"
      },
      "engines": {
        "node": ">=14.0"
      }
    },
    "node_modules/roblox-funcaptcha": {
      "version": "4.1.18",
      "resolved": "https://registry.npmjs.org/roblox-funcaptcha/-/roblox-funcaptcha-4.1.18.tgz",
      "integrity": "sha512-PdpuapkGThMYBAJUm9IIYqcQ6cnLDrg+SxZuTC4rZLEJVN5xG7dWR2k4Y8d1DxQ3XO2CDRqkppRBhf6zSbrztQ==",
      "deprecated": "Package no longer supported. Contact Support at https://www.npmjs.com/support for more info.",
      "license": "MIT",
      "dependencies": {
        "undici": "^4.12.2"
      }
    },
    "node_modules/undici": {
      "version": "4.16.0",
      "resolved": "https://registry.npmjs.org/undici/-/undici-4.16.0.tgz",
      "integrity": "sha512-tkZSECUYi+/T1i4u+4+lwZmQgLXd4BLGlrc7KZPcLIW7Jpq99+Xpc30ONv7nS6F5UNOxp/HBZSSL9MafUrvJbw==",
      "license": "MIT",
      "engines": {
        "node": ">=12.18"
      }
    }
  }
}
